// !$*UTF8*$!
{
	archiveVersion = 1;
	classes = {
	};
	objectVersion = 46;
	objects = {

/* Begin PBXBuildFile section */
		D9C9F96E3FA0149EBF20A8A4 /* Pods_DrQMuller.framework in Frameworks */ = {isa = PBXBuildFile; fileRef = F58401B7A7C57AC9EFB8729C /* Pods_DrQMuller.framework */; };
		ED03CEB21E36983D00C9EBFB /* Functionality.swift in Sources */ = {isa = PBXBuildFile; fileRef = ED03CEB11E36983D00C9EBFB /* Functionality.swift */; };
		ED03CEB41E369F9B00C9EBFB /* UIFunctionality.swift in Sources */ = {isa = PBXBuildFile; fileRef = ED03CEB31E369F9B00C9EBFB /* UIFunctionality.swift */; };
		ED040F491E0C7808003166FD /* NiceButton.swift in Sources */ = {isa = PBXBuildFile; fileRef = ED040F481E0C7808003166FD /* NiceButton.swift */; };
		ED0F6E211E09892000EFFD7C /* SecondTabCustomerInformationViewController.swift in Sources */ = {isa = PBXBuildFile; fileRef = ED0F6E201E09892000EFFD7C /* SecondTabCustomerInformationViewController.swift */; };
		ED0F6E231E09894A00EFFD7C /* ThirdTabCustomerInformationViewController.swift in Sources */ = {isa = PBXBuildFile; fileRef = ED0F6E221E09894A00EFFD7C /* ThirdTabCustomerInformationViewController.swift */; };
		ED1A484A1E2786B10034857A /* CartOrderTableViewCell.swift in Sources */ = {isa = PBXBuildFile; fileRef = ED1A48491E2786B10034857A /* CartOrderTableViewCell.swift */; };
		ED3011E21E192D790037F020 /* DTOBookingInformation.swift in Sources */ = {isa = PBXBuildFile; fileRef = ED3011E11E192D790037F020 /* DTOBookingInformation.swift */; };
		ED3011E41E19877C0037F020 /* DateExtensions.swift in Sources */ = {isa = PBXBuildFile; fileRef = ED3011E31E19877C0037F020 /* DateExtensions.swift */; };
		ED3BEBD21E08459B00CAA173 /* FirstTabCustomerInformationViewController.swift in Sources */ = {isa = PBXBuildFile; fileRef = ED3BEBD11E08459B00CAA173 /* FirstTabCustomerInformationViewController.swift */; };
		ED40875D1E03DCAF00950D4C /* CustomTxtField.swift in Sources */ = {isa = PBXBuildFile; fileRef = ED40875C1E03DCAF00950D4C /* CustomTxtField.swift */; };
		ED41DF3D1E163EC900803A14 /* ModelHandleBookingGeneral.swift in Sources */ = {isa = PBXBuildFile; fileRef = ED41DF3C1E163EC900803A14 /* ModelHandleBookingGeneral.swift */; };
		ED41DF3F1E164CC000803A14 /* APIHandleBooking.swift in Sources */ = {isa = PBXBuildFile; fileRef = ED41DF3E1E164CC000803A14 /* APIHandleBooking.swift */; };
		ED41DF411E164D0C00803A14 /* PMHandleBooking.swift in Sources */ = {isa = PBXBuildFile; fileRef = ED41DF401E164D0C00803A14 /* PMHandleBooking.swift */; };
		ED41DF431E169A0200803A14 /* DTOStaticArrayDataSource.swift in Sources */ = {isa = PBXBuildFile; fileRef = ED41DF421E169A0200803A14 /* DTOStaticArrayDataSource.swift */; };
		ED4FFDC21E0BF0A600E158E2 /* BookingDetailViewController.swift in Sources */ = {isa = PBXBuildFile; fileRef = ED4FFDC11E0BF0A600E158E2 /* BookingDetailViewController.swift */; };
		ED4FFDC61E0BF72C00E158E2 /* BookingGeneralViewController.swift in Sources */ = {isa = PBXBuildFile; fileRef = ED4FFDC51E0BF72C00E158E2 /* BookingGeneralViewController.swift */; };
		ED522D5E1E38F65800E53403 /* Localizable.strings in Resources */ = {isa = PBXBuildFile; fileRef = ED522D601E38F65800E53403 /* Localizable.strings */; };
		ED522D631E38F84C00E53403 /* StringExtension.swift in Sources */ = {isa = PBXBuildFile; fileRef = ED522D621E38F84C00E53403 /* StringExtension.swift */; };
		ED570F8D1E35661B00AB9E61 /* CartOrderConfirmTableViewCell.swift in Sources */ = {isa = PBXBuildFile; fileRef = ED570F8C1E35661B00AB9E61 /* CartOrderConfirmTableViewCell.swift */; };
		ED5CD0F31E180C4B005C2A17 /* HRToast+UIView.swift in Sources */ = {isa = PBXBuildFile; fileRef = ED5CD0F21E180C4B005C2A17 /* HRToast+UIView.swift */; };
		ED6986961E12E14000932E93 /* ModelHandleLogin.swift in Sources */ = {isa = PBXBuildFile; fileRef = ED6986951E12E14000932E93 /* ModelHandleLogin.swift */; };
		ED6A68581E490E5D00776B6B /* NetworkViewManager.swift in Sources */ = {isa = PBXBuildFile; fileRef = ED6A68571E490E5D00776B6B /* NetworkViewManager.swift */; };
		ED6A685A1E492CEA00776B6B /* Reachability.swift in Sources */ = {isa = PBXBuildFile; fileRef = ED6A68591E492CEA00776B6B /* Reachability.swift */; };
		ED6A685C1E492D6A00776B6B /* ToastManager.swift in Sources */ = {isa = PBXBuildFile; fileRef = ED6A685B1E492D6A00776B6B /* ToastManager.swift */; };
		ED6A685E1E492D9C00776B6B /* DialogManager.swift in Sources */ = {isa = PBXBuildFile; fileRef = ED6A685D1E492D9C00776B6B /* DialogManager.swift */; };
		ED6A68601E492DCA00776B6B /* AnimationManager.swift in Sources */ = {isa = PBXBuildFile; fileRef = ED6A685F1E492DCA00776B6B /* AnimationManager.swift */; };
		ED6A68621E492DF800776B6B /* CustomStyleCustomerInformation.swift in Sources */ = {isa = PBXBuildFile; fileRef = ED6A68611E492DF800776B6B /* CustomStyleCustomerInformation.swift */; };
		ED72C6A31DEAF2ED006E58ED /* RegisterViewController.swift in Sources */ = {isa = PBXBuildFile; fileRef = ED72C6A21DEAF2ED006E58ED /* RegisterViewController.swift */; };
		ED92AB5B1E1E07DA00989D03 /* TimeTableViewCell.swift in Sources */ = {isa = PBXBuildFile; fileRef = ED92AB5A1E1E07DA00989D03 /* TimeTableViewCell.swift */; };
		ED939FE41E0D248F00A1164F /* DatePickerRange.swift in Sources */ = {isa = PBXBuildFile; fileRef = ED939FE31E0D248F00A1164F /* DatePickerRange.swift */; };
		ED939FE61E0D52FA00A1164F /* BookingStartEndDateViewController.swift in Sources */ = {isa = PBXBuildFile; fileRef = ED939FE51E0D52FA00A1164F /* BookingStartEndDateViewController.swift */; };
		ED9558921E10F4DC004893DA /* HTTPClient.swift in Sources */ = {isa = PBXBuildFile; fileRef = ED9558911E10F4DC004893DA /* HTTPClient.swift */; };
		ED9558961E10F5B8004893DA /* ServiceURL.swift in Sources */ = {isa = PBXBuildFile; fileRef = ED9558951E10F5B8004893DA /* ServiceURL.swift */; };
		ED95589B1E1172F1004893DA /* DTOAuthentication.swift in Sources */ = {isa = PBXBuildFile; fileRef = ED95589A1E1172F1004893DA /* DTOAuthentication.swift */; };
		ED95589D1E118529004893DA /* PMHandleLogin.swift in Sources */ = {isa = PBXBuildFile; fileRef = ED95589C1E118529004893DA /* PMHandleLogin.swift */; };
		ED95589F1E11867A004893DA /* APIHandleLogin.swift in Sources */ = {isa = PBXBuildFile; fileRef = ED95589E1E11867A004893DA /* APIHandleLogin.swift */; };
		ED96A4F81E0DD1E500AA22D0 /* MMSlidingButton.swift in Sources */ = {isa = PBXBuildFile; fileRef = ED96A4F71E0DD1E500AA22D0 /* MMSlidingButton.swift */; };
		ED9FA0081E2093A9008F3739 /* ModelHandleBookingStartEnd.swift in Sources */ = {isa = PBXBuildFile; fileRef = ED9FA0071E2093A9008F3739 /* ModelHandleBookingStartEnd.swift */; };
		EDB032661E301D940071FD7F /* PMHandleReleaseTime.swift in Sources */ = {isa = PBXBuildFile; fileRef = EDB032651E301D940071FD7F /* PMHandleReleaseTime.swift */; };
		EDB338961DE9D86300DE940B /* AppDelegate.swift in Sources */ = {isa = PBXBuildFile; fileRef = EDB338951DE9D86300DE940B /* AppDelegate.swift */; };
		EDB338981DE9D86300DE940B /* LoginViewController.swift in Sources */ = {isa = PBXBuildFile; fileRef = EDB338971DE9D86300DE940B /* LoginViewController.swift */; };
		EDB3389B1DE9D86300DE940B /* Main.storyboard in Resources */ = {isa = PBXBuildFile; fileRef = EDB338991DE9D86300DE940B /* Main.storyboard */; };
		EDB3389D1DE9D86300DE940B /* Assets.xcassets in Resources */ = {isa = PBXBuildFile; fileRef = EDB3389C1DE9D86300DE940B /* Assets.xcassets */; };
		EDB338A01DE9D86300DE940B /* LaunchScreen.storyboard in Resources */ = {isa = PBXBuildFile; fileRef = EDB3389E1DE9D86300DE940B /* LaunchScreen.storyboard */; };
		EDB338AB1DE9D86300DE940B /* DrQMullerTests.swift in Sources */ = {isa = PBXBuildFile; fileRef = EDB338AA1DE9D86300DE940B /* DrQMullerTests.swift */; };
		EDB338B61DE9D86300DE940B /* DrQMullerUITests.swift in Sources */ = {isa = PBXBuildFile; fileRef = EDB338B51DE9D86300DE940B /* DrQMullerUITests.swift */; };
		EDCE22CE1E309F490022F0C8 /* APIHandleReleaseTime.swift in Sources */ = {isa = PBXBuildFile; fileRef = EDCE22CD1E309F490022F0C8 /* APIHandleReleaseTime.swift */; };
		EDE41FDC1E08D4A6006CCE99 /* ColorExtensions.swift in Sources */ = {isa = PBXBuildFile; fileRef = EDE41FDB1E08D4A6006CCE99 /* ColorExtensions.swift */; };
		EDEAC1661E1D3DAC002FF282 /* ModelHandleBookingDetail.swift in Sources */ = {isa = PBXBuildFile; fileRef = EDEAC1651E1D3DAC002FF282 /* ModelHandleBookingDetail.swift */; };
/* End PBXBuildFile section */

/* Begin PBXContainerItemProxy section */
		EDB338A71DE9D86300DE940B /* PBXContainerItemProxy */ = {
			isa = PBXContainerItemProxy;
			containerPortal = EDB3388A1DE9D86300DE940B /* Project object */;
			proxyType = 1;
			remoteGlobalIDString = EDB338911DE9D86300DE940B;
			remoteInfo = DrQMuller;
		};
		EDB338B21DE9D86300DE940B /* PBXContainerItemProxy */ = {
			isa = PBXContainerItemProxy;
			containerPortal = EDB3388A1DE9D86300DE940B /* Project object */;
			proxyType = 1;
			remoteGlobalIDString = EDB338911DE9D86300DE940B;
			remoteInfo = DrQMuller;
		};
/* End PBXContainerItemProxy section */

/* Begin PBXCopyFilesBuildPhase section */
		ED040F471E0C7633003166FD /* Embed Frameworks */ = {
			isa = PBXCopyFilesBuildPhase;
			buildActionMask = 2147483647;
			dstPath = "";
			dstSubfolderSpec = 10;
			files = (
			);
			name = "Embed Frameworks";
			runOnlyForDeploymentPostprocessing = 0;
		};
/* End PBXCopyFilesBuildPhase section */

/* Begin PBXFileReference section */
		D24D7C745172B076A94BEB0C /* Pods-DrQMuller.release.xcconfig */ = {isa = PBXFileReference; includeInIndex = 1; lastKnownFileType = text.xcconfig; name = "Pods-DrQMuller.release.xcconfig"; path = "Pods/Target Support Files/Pods-DrQMuller/Pods-DrQMuller.release.xcconfig"; sourceTree = "<group>"; };
		ED03CEB11E36983D00C9EBFB /* Functionality.swift */ = {isa = PBXFileReference; fileEncoding = 4; lastKnownFileType = sourcecode.swift; path = Functionality.swift; sourceTree = "<group>"; };
		ED03CEB31E369F9B00C9EBFB /* UIFunctionality.swift */ = {isa = PBXFileReference; fileEncoding = 4; lastKnownFileType = sourcecode.swift; path = UIFunctionality.swift; sourceTree = "<group>"; };
		ED040F481E0C7808003166FD /* NiceButton.swift */ = {isa = PBXFileReference; fileEncoding = 4; lastKnownFileType = sourcecode.swift; path = NiceButton.swift; sourceTree = "<group>"; };
		ED0F6E201E09892000EFFD7C /* SecondTabCustomerInformationViewController.swift */ = {isa = PBXFileReference; fileEncoding = 4; lastKnownFileType = sourcecode.swift; path = SecondTabCustomerInformationViewController.swift; sourceTree = "<group>"; };
		ED0F6E221E09894A00EFFD7C /* ThirdTabCustomerInformationViewController.swift */ = {isa = PBXFileReference; fileEncoding = 4; lastKnownFileType = sourcecode.swift; path = ThirdTabCustomerInformationViewController.swift; sourceTree = "<group>"; };
		ED1A48491E2786B10034857A /* CartOrderTableViewCell.swift */ = {isa = PBXFileReference; fileEncoding = 4; lastKnownFileType = sourcecode.swift; path = CartOrderTableViewCell.swift; sourceTree = "<group>"; };
		ED3011E11E192D790037F020 /* DTOBookingInformation.swift */ = {isa = PBXFileReference; fileEncoding = 4; lastKnownFileType = sourcecode.swift; path = DTOBookingInformation.swift; sourceTree = "<group>"; };
		ED3011E31E19877C0037F020 /* DateExtensions.swift */ = {isa = PBXFileReference; fileEncoding = 4; lastKnownFileType = sourcecode.swift; path = DateExtensions.swift; sourceTree = "<group>"; };
		ED3BEBD11E08459B00CAA173 /* FirstTabCustomerInformationViewController.swift */ = {isa = PBXFileReference; fileEncoding = 4; lastKnownFileType = sourcecode.swift; path = FirstTabCustomerInformationViewController.swift; sourceTree = "<group>"; };
		ED40875C1E03DCAF00950D4C /* CustomTxtField.swift */ = {isa = PBXFileReference; fileEncoding = 4; lastKnownFileType = sourcecode.swift; path = CustomTxtField.swift; sourceTree = "<group>"; };
		ED41DF3C1E163EC900803A14 /* ModelHandleBookingGeneral.swift */ = {isa = PBXFileReference; fileEncoding = 4; lastKnownFileType = sourcecode.swift; path = ModelHandleBookingGeneral.swift; sourceTree = "<group>"; };
		ED41DF3E1E164CC000803A14 /* APIHandleBooking.swift */ = {isa = PBXFileReference; fileEncoding = 4; lastKnownFileType = sourcecode.swift; path = APIHandleBooking.swift; sourceTree = "<group>"; };
		ED41DF401E164D0C00803A14 /* PMHandleBooking.swift */ = {isa = PBXFileReference; fileEncoding = 4; lastKnownFileType = sourcecode.swift; path = PMHandleBooking.swift; sourceTree = "<group>"; };
		ED41DF421E169A0200803A14 /* DTOStaticArrayDataSource.swift */ = {isa = PBXFileReference; fileEncoding = 4; lastKnownFileType = sourcecode.swift; path = DTOStaticArrayDataSource.swift; sourceTree = "<group>"; };
		ED4FFDC11E0BF0A600E158E2 /* BookingDetailViewController.swift */ = {isa = PBXFileReference; fileEncoding = 4; lastKnownFileType = sourcecode.swift; path = BookingDetailViewController.swift; sourceTree = "<group>"; };
		ED4FFDC51E0BF72C00E158E2 /* BookingGeneralViewController.swift */ = {isa = PBXFileReference; fileEncoding = 4; lastKnownFileType = sourcecode.swift; path = BookingGeneralViewController.swift; sourceTree = "<group>"; };
		ED522D5A1E38F5DA00E53403 /* vi */ = {isa = PBXFileReference; lastKnownFileType = text.plist.strings; name = vi; path = vi.lproj/Main.strings; sourceTree = "<group>"; };
		ED522D5B1E38F5DA00E53403 /* vi */ = {isa = PBXFileReference; lastKnownFileType = text.plist.strings; name = vi; path = vi.lproj/LaunchScreen.strings; sourceTree = "<group>"; };
		ED522D5F1E38F65800E53403 /* en */ = {isa = PBXFileReference; lastKnownFileType = text.plist.strings; name = en; path = en.lproj/Localizable.strings; sourceTree = "<group>"; };
		ED522D611E38F66200E53403 /* vi */ = {isa = PBXFileReference; lastKnownFileType = text.plist.strings; name = vi; path = vi.lproj/Localizable.strings; sourceTree = "<group>"; };
		ED522D621E38F84C00E53403 /* StringExtension.swift */ = {isa = PBXFileReference; fileEncoding = 4; lastKnownFileType = sourcecode.swift; path = StringExtension.swift; sourceTree = "<group>"; };
		ED570F8C1E35661B00AB9E61 /* CartOrderConfirmTableViewCell.swift */ = {isa = PBXFileReference; fileEncoding = 4; lastKnownFileType = sourcecode.swift; path = CartOrderConfirmTableViewCell.swift; sourceTree = "<group>"; };
		ED5CD0F21E180C4B005C2A17 /* HRToast+UIView.swift */ = {isa = PBXFileReference; fileEncoding = 4; lastKnownFileType = sourcecode.swift; path = "HRToast+UIView.swift"; sourceTree = "<group>"; };
		ED6986951E12E14000932E93 /* ModelHandleLogin.swift */ = {isa = PBXFileReference; fileEncoding = 4; lastKnownFileType = sourcecode.swift; path = ModelHandleLogin.swift; sourceTree = "<group>"; };
		ED6A68571E490E5D00776B6B /* NetworkViewManager.swift */ = {isa = PBXFileReference; fileEncoding = 4; lastKnownFileType = sourcecode.swift; path = NetworkViewManager.swift; sourceTree = "<group>"; };
		ED6A68591E492CEA00776B6B /* Reachability.swift */ = {isa = PBXFileReference; fileEncoding = 4; lastKnownFileType = sourcecode.swift; path = Reachability.swift; sourceTree = "<group>"; };
		ED6A685B1E492D6A00776B6B /* ToastManager.swift */ = {isa = PBXFileReference; fileEncoding = 4; lastKnownFileType = sourcecode.swift; path = ToastManager.swift; sourceTree = "<group>"; };
		ED6A685D1E492D9C00776B6B /* DialogManager.swift */ = {isa = PBXFileReference; fileEncoding = 4; lastKnownFileType = sourcecode.swift; path = DialogManager.swift; sourceTree = "<group>"; };
		ED6A685F1E492DCA00776B6B /* AnimationManager.swift */ = {isa = PBXFileReference; fileEncoding = 4; lastKnownFileType = sourcecode.swift; path = AnimationManager.swift; sourceTree = "<group>"; };
		ED6A68611E492DF800776B6B /* CustomStyleCustomerInformation.swift */ = {isa = PBXFileReference; fileEncoding = 4; lastKnownFileType = sourcecode.swift; path = CustomStyleCustomerInformation.swift; sourceTree = "<group>"; };
		ED72C6A21DEAF2ED006E58ED /* RegisterViewController.swift */ = {isa = PBXFileReference; fileEncoding = 4; lastKnownFileType = sourcecode.swift; path = RegisterViewController.swift; sourceTree = "<group>"; };
		ED92AB5A1E1E07DA00989D03 /* TimeTableViewCell.swift */ = {isa = PBXFileReference; fileEncoding = 4; lastKnownFileType = sourcecode.swift; path = TimeTableViewCell.swift; sourceTree = "<group>"; };
		ED939FE31E0D248F00A1164F /* DatePickerRange.swift */ = {isa = PBXFileReference; fileEncoding = 4; lastKnownFileType = sourcecode.swift; path = DatePickerRange.swift; sourceTree = "<group>"; };
		ED939FE51E0D52FA00A1164F /* BookingStartEndDateViewController.swift */ = {isa = PBXFileReference; fileEncoding = 4; lastKnownFileType = sourcecode.swift; path = BookingStartEndDateViewController.swift; sourceTree = "<group>"; };
		ED9558911E10F4DC004893DA /* HTTPClient.swift */ = {isa = PBXFileReference; fileEncoding = 4; lastKnownFileType = sourcecode.swift; path = HTTPClient.swift; sourceTree = "<group>"; };
		ED9558951E10F5B8004893DA /* ServiceURL.swift */ = {isa = PBXFileReference; fileEncoding = 4; lastKnownFileType = sourcecode.swift; path = ServiceURL.swift; sourceTree = "<group>"; };
		ED95589A1E1172F1004893DA /* DTOAuthentication.swift */ = {isa = PBXFileReference; fileEncoding = 4; lastKnownFileType = sourcecode.swift; path = DTOAuthentication.swift; sourceTree = "<group>"; };
		ED95589C1E118529004893DA /* PMHandleLogin.swift */ = {isa = PBXFileReference; fileEncoding = 4; lastKnownFileType = sourcecode.swift; path = PMHandleLogin.swift; sourceTree = "<group>"; };
		ED95589E1E11867A004893DA /* APIHandleLogin.swift */ = {isa = PBXFileReference; fileEncoding = 4; lastKnownFileType = sourcecode.swift; path = APIHandleLogin.swift; sourceTree = "<group>"; };
		ED96A4F71E0DD1E500AA22D0 /* MMSlidingButton.swift */ = {isa = PBXFileReference; fileEncoding = 4; lastKnownFileType = sourcecode.swift; path = MMSlidingButton.swift; sourceTree = "<group>"; };
		ED9FA0071E2093A9008F3739 /* ModelHandleBookingStartEnd.swift */ = {isa = PBXFileReference; fileEncoding = 4; lastKnownFileType = sourcecode.swift; path = ModelHandleBookingStartEnd.swift; sourceTree = "<group>"; };
		EDB032651E301D940071FD7F /* PMHandleReleaseTime.swift */ = {isa = PBXFileReference; fileEncoding = 4; lastKnownFileType = sourcecode.swift; path = PMHandleReleaseTime.swift; sourceTree = "<group>"; };
		EDB338921DE9D86300DE940B /* DrQMuller.app */ = {isa = PBXFileReference; explicitFileType = wrapper.application; includeInIndex = 0; path = DrQMuller.app; sourceTree = BUILT_PRODUCTS_DIR; };
		EDB338951DE9D86300DE940B /* AppDelegate.swift */ = {isa = PBXFileReference; lastKnownFileType = sourcecode.swift; path = AppDelegate.swift; sourceTree = "<group>"; };
		EDB338971DE9D86300DE940B /* LoginViewController.swift */ = {isa = PBXFileReference; lastKnownFileType = sourcecode.swift; path = LoginViewController.swift; sourceTree = "<group>"; };
		EDB3389A1DE9D86300DE940B /* Base */ = {isa = PBXFileReference; lastKnownFileType = file.storyboard; name = Base; path = Base.lproj/Main.storyboard; sourceTree = "<group>"; };
		EDB3389C1DE9D86300DE940B /* Assets.xcassets */ = {isa = PBXFileReference; lastKnownFileType = folder.assetcatalog; path = Assets.xcassets; sourceTree = "<group>"; };
		EDB3389F1DE9D86300DE940B /* Base */ = {isa = PBXFileReference; lastKnownFileType = file.storyboard; name = Base; path = Base.lproj/LaunchScreen.storyboard; sourceTree = "<group>"; };
		EDB338A11DE9D86300DE940B /* Info.plist */ = {isa = PBXFileReference; lastKnownFileType = text.plist.xml; path = Info.plist; sourceTree = "<group>"; };
		EDB338A61DE9D86300DE940B /* DrQMullerTests.xctest */ = {isa = PBXFileReference; explicitFileType = wrapper.cfbundle; includeInIndex = 0; path = DrQMullerTests.xctest; sourceTree = BUILT_PRODUCTS_DIR; };
		EDB338AA1DE9D86300DE940B /* DrQMullerTests.swift */ = {isa = PBXFileReference; lastKnownFileType = sourcecode.swift; path = DrQMullerTests.swift; sourceTree = "<group>"; };
		EDB338AC1DE9D86300DE940B /* Info.plist */ = {isa = PBXFileReference; lastKnownFileType = text.plist.xml; path = Info.plist; sourceTree = "<group>"; };
		EDB338B11DE9D86300DE940B /* DrQMullerUITests.xctest */ = {isa = PBXFileReference; explicitFileType = wrapper.cfbundle; includeInIndex = 0; path = DrQMullerUITests.xctest; sourceTree = BUILT_PRODUCTS_DIR; };
		EDB338B51DE9D86300DE940B /* DrQMullerUITests.swift */ = {isa = PBXFileReference; lastKnownFileType = sourcecode.swift; path = DrQMullerUITests.swift; sourceTree = "<group>"; };
		EDB338B71DE9D86300DE940B /* Info.plist */ = {isa = PBXFileReference; lastKnownFileType = text.plist.xml; path = Info.plist; sourceTree = "<group>"; };
		EDCE22CD1E309F490022F0C8 /* APIHandleReleaseTime.swift */ = {isa = PBXFileReference; fileEncoding = 4; lastKnownFileType = sourcecode.swift; path = APIHandleReleaseTime.swift; sourceTree = "<group>"; };
		EDE41FDB1E08D4A6006CCE99 /* ColorExtensions.swift */ = {isa = PBXFileReference; fileEncoding = 4; lastKnownFileType = sourcecode.swift; path = ColorExtensions.swift; sourceTree = "<group>"; };
		EDEAC1651E1D3DAC002FF282 /* ModelHandleBookingDetail.swift */ = {isa = PBXFileReference; fileEncoding = 4; lastKnownFileType = sourcecode.swift; path = ModelHandleBookingDetail.swift; sourceTree = "<group>"; };
		F4CDD90B0CF1F864033543A5 /* Pods-DrQMuller.debug.xcconfig */ = {isa = PBXFileReference; includeInIndex = 1; lastKnownFileType = text.xcconfig; name = "Pods-DrQMuller.debug.xcconfig"; path = "Pods/Target Support Files/Pods-DrQMuller/Pods-DrQMuller.debug.xcconfig"; sourceTree = "<group>"; };
		F58401B7A7C57AC9EFB8729C /* Pods_DrQMuller.framework */ = {isa = PBXFileReference; explicitFileType = wrapper.framework; includeInIndex = 0; path = Pods_DrQMuller.framework; sourceTree = BUILT_PRODUCTS_DIR; };
/* End PBXFileReference section */

/* Begin PBXFrameworksBuildPhase section */
		EDB3388F1DE9D86300DE940B /* Frameworks */ = {
			isa = PBXFrameworksBuildPhase;
			buildActionMask = 2147483647;
			files = (
				D9C9F96E3FA0149EBF20A8A4 /* Pods_DrQMuller.framework in Frameworks */,
			);
			runOnlyForDeploymentPostprocessing = 0;
		};
		EDB338A31DE9D86300DE940B /* Frameworks */ = {
			isa = PBXFrameworksBuildPhase;
			buildActionMask = 2147483647;
			files = (
			);
			runOnlyForDeploymentPostprocessing = 0;
		};
		EDB338AE1DE9D86300DE940B /* Frameworks */ = {
			isa = PBXFrameworksBuildPhase;
			buildActionMask = 2147483647;
			files = (
			);
			runOnlyForDeploymentPostprocessing = 0;
		};
/* End PBXFrameworksBuildPhase section */

/* Begin PBXGroup section */
		47C83464A28FCDC3E346CBCE /* Pods */ = {
			isa = PBXGroup;
			children = (
				F4CDD90B0CF1F864033543A5 /* Pods-DrQMuller.debug.xcconfig */,
				D24D7C745172B076A94BEB0C /* Pods-DrQMuller.release.xcconfig */,
			);
			name = Pods;
			sourceTree = "<group>";
		};
		51D49C68B278EC27D46BE802 /* Frameworks */ = {
			isa = PBXGroup;
			children = (
				F58401B7A7C57AC9EFB8729C /* Pods_DrQMuller.framework */,
			);
			name = Frameworks;
			sourceTree = "<group>";
		};
		ED03CEB01E36981A00C9EBFB /* Resusable */ = {
			isa = PBXGroup;
			children = (
				ED03CEB11E36983D00C9EBFB /* Functionality.swift */,
				ED522D621E38F84C00E53403 /* StringExtension.swift */,
				ED6A68591E492CEA00776B6B /* Reachability.swift */,
			);
			name = Resusable;
			sourceTree = "<group>";
		};
		ED03CEB51E369FA100C9EBFB /* Reusable */ = {
			isa = PBXGroup;
			children = (
				ED03CEB31E369F9B00C9EBFB /* UIFunctionality.swift */,
				ED6A68571E490E5D00776B6B /* NetworkViewManager.swift */,
				ED6A685B1E492D6A00776B6B /* ToastManager.swift */,
				ED6A685D1E492D9C00776B6B /* DialogManager.swift */,
				ED6A685F1E492DCA00776B6B /* AnimationManager.swift */,
				ED6A68611E492DF800776B6B /* CustomStyleCustomerInformation.swift */,
			);
			name = Reusable;
			sourceTree = "<group>";
		};
		ED3BEBD31E0845AA00CAA173 /* Controllers */ = {
			isa = PBXGroup;
			children = (
				EDB338971DE9D86300DE940B /* LoginViewController.swift */,
				ED72C6A21DEAF2ED006E58ED /* RegisterViewController.swift */,
				ED3BEBD11E08459B00CAA173 /* FirstTabCustomerInformationViewController.swift */,
				ED0F6E201E09892000EFFD7C /* SecondTabCustomerInformationViewController.swift */,
				ED0F6E221E09894A00EFFD7C /* ThirdTabCustomerInformationViewController.swift */,
				ED4FFDC11E0BF0A600E158E2 /* BookingDetailViewController.swift */,
				ED4FFDC51E0BF72C00E158E2 /* BookingGeneralViewController.swift */,
				ED939FE51E0D52FA00A1164F /* BookingStartEndDateViewController.swift */,
			);
			name = Controllers;
			sourceTree = "<group>";
		};
		ED3BEBD41E0845B500CAA173 /* Model */ = {
			isa = PBXGroup;
			children = (
				ED522D641E390F3A00E53403 /* Locale */,
				ED03CEB01E36981A00C9EBFB /* Resusable */,
				ED939FE31E0D248F00A1164F /* DatePickerRange.swift */,
				ED6986951E12E14000932E93 /* ModelHandleLogin.swift */,
				ED41DF3C1E163EC900803A14 /* ModelHandleBookingGeneral.swift */,
				EDEAC1651E1D3DAC002FF282 /* ModelHandleBookingDetail.swift */,
				ED9FA0071E2093A9008F3739 /* ModelHandleBookingStartEnd.swift */,
			);
			name = Model;
			sourceTree = "<group>";
		};
		ED3BEBD51E0845BC00CAA173 /* API */ = {
			isa = PBXGroup;
			children = (
				ED9558991E11728B004893DA /* DTO */,
				ED9558941E10F566004893DA /* PersistencyManager */,
				ED9558931E10F525004893DA /* LibraryAPI */,
			);
			name = API;
			sourceTree = "<group>";
		};
		ED3BEBD61E08460700CAA173 /* View */ = {
			isa = PBXGroup;
			children = (
				ED03CEB51E369FA100C9EBFB /* Reusable */,
				ED92AB591E1E076300989D03 /* TableCell */,
				ED5CD0F21E180C4B005C2A17 /* HRToast+UIView.swift */,
				ED96A4F71E0DD1E500AA22D0 /* MMSlidingButton.swift */,
				ED040F481E0C7808003166FD /* NiceButton.swift */,
				ED40875C1E03DCAF00950D4C /* CustomTxtField.swift */,
				EDE41FDB1E08D4A6006CCE99 /* ColorExtensions.swift */,
				ED3011E31E19877C0037F020 /* DateExtensions.swift */,
			);
			name = View;
			sourceTree = "<group>";
		};
		ED522D641E390F3A00E53403 /* Locale */ = {
			isa = PBXGroup;
			children = (
				ED522D601E38F65800E53403 /* Localizable.strings */,
			);
			name = Locale;
			sourceTree = "<group>";
		};
		ED92AB591E1E076300989D03 /* TableCell */ = {
			isa = PBXGroup;
			children = (
				ED92AB5A1E1E07DA00989D03 /* TimeTableViewCell.swift */,
				ED1A48491E2786B10034857A /* CartOrderTableViewCell.swift */,
				ED570F8C1E35661B00AB9E61 /* CartOrderConfirmTableViewCell.swift */,
			);
			name = TableCell;
			sourceTree = "<group>";
		};
		ED9558931E10F525004893DA /* LibraryAPI */ = {
			isa = PBXGroup;
			children = (
				ED95589E1E11867A004893DA /* APIHandleLogin.swift */,
				ED41DF3E1E164CC000803A14 /* APIHandleBooking.swift */,
				EDCE22CD1E309F490022F0C8 /* APIHandleReleaseTime.swift */,
			);
			name = LibraryAPI;
			sourceTree = "<group>";
		};
		ED9558941E10F566004893DA /* PersistencyManager */ = {
			isa = PBXGroup;
			children = (
				ED9558911E10F4DC004893DA /* HTTPClient.swift */,
				ED9558951E10F5B8004893DA /* ServiceURL.swift */,
				ED95589C1E118529004893DA /* PMHandleLogin.swift */,
				ED41DF401E164D0C00803A14 /* PMHandleBooking.swift */,
				EDB032651E301D940071FD7F /* PMHandleReleaseTime.swift */,
			);
			name = PersistencyManager;
			sourceTree = "<group>";
		};
		ED9558991E11728B004893DA /* DTO */ = {
			isa = PBXGroup;
			children = (
				ED95589A1E1172F1004893DA /* DTOAuthentication.swift */,
				ED41DF421E169A0200803A14 /* DTOStaticArrayDataSource.swift */,
				ED3011E11E192D790037F020 /* DTOBookingInformation.swift */,
			);
			name = DTO;
			sourceTree = "<group>";
		};
		EDB338891DE9D86300DE940B = {
			isa = PBXGroup;
			children = (
				EDB338941DE9D86300DE940B /* DrQMuller */,
				EDB338A91DE9D86300DE940B /* DrQMullerTests */,
				EDB338B41DE9D86300DE940B /* DrQMullerUITests */,
				EDB338931DE9D86300DE940B /* Products */,
				47C83464A28FCDC3E346CBCE /* Pods */,
				51D49C68B278EC27D46BE802 /* Frameworks */,
			);
			sourceTree = "<group>";
		};
		EDB338931DE9D86300DE940B /* Products */ = {
			isa = PBXGroup;
			children = (
				EDB338921DE9D86300DE940B /* DrQMuller.app */,
				EDB338A61DE9D86300DE940B /* DrQMullerTests.xctest */,
				EDB338B11DE9D86300DE940B /* DrQMullerUITests.xctest */,
			);
			name = Products;
			sourceTree = "<group>";
		};
		EDB338941DE9D86300DE940B /* DrQMuller */ = {
			isa = PBXGroup;
			children = (
				ED3BEBD61E08460700CAA173 /* View */,
				ED3BEBD51E0845BC00CAA173 /* API */,
				ED3BEBD41E0845B500CAA173 /* Model */,
				ED3BEBD31E0845AA00CAA173 /* Controllers */,
				EDB338951DE9D86300DE940B /* AppDelegate.swift */,
				EDB338991DE9D86300DE940B /* Main.storyboard */,
				EDB3389C1DE9D86300DE940B /* Assets.xcassets */,
				EDB3389E1DE9D86300DE940B /* LaunchScreen.storyboard */,
				EDB338A11DE9D86300DE940B /* Info.plist */,
			);
			path = DrQMuller;
			sourceTree = "<group>";
		};
		EDB338A91DE9D86300DE940B /* DrQMullerTests */ = {
			isa = PBXGroup;
			children = (
				EDB338AA1DE9D86300DE940B /* DrQMullerTests.swift */,
				EDB338AC1DE9D86300DE940B /* Info.plist */,
			);
			path = DrQMullerTests;
			sourceTree = "<group>";
		};
		EDB338B41DE9D86300DE940B /* DrQMullerUITests */ = {
			isa = PBXGroup;
			children = (
				EDB338B51DE9D86300DE940B /* DrQMullerUITests.swift */,
				EDB338B71DE9D86300DE940B /* Info.plist */,
			);
			path = DrQMullerUITests;
			sourceTree = "<group>";
		};
/* End PBXGroup section */

/* Begin PBXNativeTarget section */
		EDB338911DE9D86300DE940B /* DrQMuller */ = {
			isa = PBXNativeTarget;
			buildConfigurationList = EDB338BA1DE9D86300DE940B /* Build configuration list for PBXNativeTarget "DrQMuller" */;
			buildPhases = (
				CB75A6C1D279694EC816FDEC /* [CP] Check Pods Manifest.lock */,
				EDB3388E1DE9D86300DE940B /* Sources */,
				EDB3388F1DE9D86300DE940B /* Frameworks */,
				EDB338901DE9D86300DE940B /* Resources */,
				ED040F471E0C7633003166FD /* Embed Frameworks */,
				FFBAC8A689BEF35EC8C826A9 /* [CP] Embed Pods Frameworks */,
				EC8AF07438CBC33CA6DFAD08 /* [CP] Copy Pods Resources */,
			);
			buildRules = (
			);
			dependencies = (
			);
			name = DrQMuller;
			productName = DrQMuller;
			productReference = EDB338921DE9D86300DE940B /* DrQMuller.app */;
			productType = "com.apple.product-type.application";
		};
		EDB338A51DE9D86300DE940B /* DrQMullerTests */ = {
			isa = PBXNativeTarget;
			buildConfigurationList = EDB338BD1DE9D86300DE940B /* Build configuration list for PBXNativeTarget "DrQMullerTests" */;
			buildPhases = (
				EDB338A21DE9D86300DE940B /* Sources */,
				EDB338A31DE9D86300DE940B /* Frameworks */,
				EDB338A41DE9D86300DE940B /* Resources */,
			);
			buildRules = (
			);
			dependencies = (
				EDB338A81DE9D86300DE940B /* PBXTargetDependency */,
			);
			name = DrQMullerTests;
			productName = DrQMullerTests;
			productReference = EDB338A61DE9D86300DE940B /* DrQMullerTests.xctest */;
			productType = "com.apple.product-type.bundle.unit-test";
		};
		EDB338B01DE9D86300DE940B /* DrQMullerUITests */ = {
			isa = PBXNativeTarget;
			buildConfigurationList = EDB338C01DE9D86300DE940B /* Build configuration list for PBXNativeTarget "DrQMullerUITests" */;
			buildPhases = (
				EDB338AD1DE9D86300DE940B /* Sources */,
				EDB338AE1DE9D86300DE940B /* Frameworks */,
				EDB338AF1DE9D86300DE940B /* Resources */,
			);
			buildRules = (
			);
			dependencies = (
				EDB338B31DE9D86300DE940B /* PBXTargetDependency */,
			);
			name = DrQMullerUITests;
			productName = DrQMullerUITests;
			productReference = EDB338B11DE9D86300DE940B /* DrQMullerUITests.xctest */;
			productType = "com.apple.product-type.bundle.ui-testing";
		};
/* End PBXNativeTarget section */

/* Begin PBXProject section */
		EDB3388A1DE9D86300DE940B /* Project object */ = {
			isa = PBXProject;
			attributes = {
				LastSwiftUpdateCheck = 0800;
				LastUpgradeCheck = 0820;
				ORGANIZATIONNAME = LetsDev;
				TargetAttributes = {
					EDB338911DE9D86300DE940B = {
						CreatedOnToolsVersion = 8.0;
						DevelopmentTeam = 86M37DGEMQ;
						ProvisioningStyle = Automatic;
					};
					EDB338A51DE9D86300DE940B = {
						CreatedOnToolsVersion = 8.0;
						DevelopmentTeam = 86M37DGEMQ;
						ProvisioningStyle = Automatic;
						TestTargetID = EDB338911DE9D86300DE940B;
					};
					EDB338B01DE9D86300DE940B = {
						CreatedOnToolsVersion = 8.0;
						DevelopmentTeam = 86M37DGEMQ;
						ProvisioningStyle = Automatic;
						TestTargetID = EDB338911DE9D86300DE940B;
					};
				};
			};
			buildConfigurationList = EDB3388D1DE9D86300DE940B /* Build configuration list for PBXProject "DrQMuller" */;
			compatibilityVersion = "Xcode 3.2";
			developmentRegion = English;
			hasScannedForEncodings = 0;
			knownRegions = (
				en,
				Base,
				vi,
			);
			mainGroup = EDB338891DE9D86300DE940B;
			productRefGroup = EDB338931DE9D86300DE940B /* Products */;
			projectDirPath = "";
			projectRoot = "";
			targets = (
				EDB338911DE9D86300DE940B /* DrQMuller */,
				EDB338A51DE9D86300DE940B /* DrQMullerTests */,
				EDB338B01DE9D86300DE940B /* DrQMullerUITests */,
			);
		};
/* End PBXProject section */

/* Begin PBXResourcesBuildPhase section */
		EDB338901DE9D86300DE940B /* Resources */ = {
			isa = PBXResourcesBuildPhase;
			buildActionMask = 2147483647;
			files = (
				EDB338A01DE9D86300DE940B /* LaunchScreen.storyboard in Resources */,
				ED522D5E1E38F65800E53403 /* Localizable.strings in Resources */,
				EDB3389D1DE9D86300DE940B /* Assets.xcassets in Resources */,
				EDB3389B1DE9D86300DE940B /* Main.storyboard in Resources */,
			);
			runOnlyForDeploymentPostprocessing = 0;
		};
		EDB338A41DE9D86300DE940B /* Resources */ = {
			isa = PBXResourcesBuildPhase;
			buildActionMask = 2147483647;
			files = (
			);
			runOnlyForDeploymentPostprocessing = 0;
		};
		EDB338AF1DE9D86300DE940B /* Resources */ = {
			isa = PBXResourcesBuildPhase;
			buildActionMask = 2147483647;
			files = (
			);
			runOnlyForDeploymentPostprocessing = 0;
		};
/* End PBXResourcesBuildPhase section */

/* Begin PBXShellScriptBuildPhase section */
		CB75A6C1D279694EC816FDEC /* [CP] Check Pods Manifest.lock */ = {
			isa = PBXShellScriptBuildPhase;
			buildActionMask = 2147483647;
			files = (
			);
			inputPaths = (
			);
			name = "[CP] Check Pods Manifest.lock";
			outputPaths = (
			);
			runOnlyForDeploymentPostprocessing = 0;
			shellPath = /bin/sh;
			shellScript = "diff \"${PODS_ROOT}/../Podfile.lock\" \"${PODS_ROOT}/Manifest.lock\" > /dev/null\nif [ $? != 0 ] ; then\n    # print error to STDERR\n    echo \"error: The sandbox is not in sync with the Podfile.lock. Run 'pod install' or update your CocoaPods installation.\" >&2\n    exit 1\nfi\n";
			showEnvVarsInLog = 0;
		};
		EC8AF07438CBC33CA6DFAD08 /* [CP] Copy Pods Resources */ = {
			isa = PBXShellScriptBuildPhase;
			buildActionMask = 2147483647;
			files = (
			);
			inputPaths = (
			);
			name = "[CP] Copy Pods Resources";
			outputPaths = (
			);
			runOnlyForDeploymentPostprocessing = 0;
			shellPath = /bin/sh;
			shellScript = "\"${SRCROOT}/Pods/Target Support Files/Pods-DrQMuller/Pods-DrQMuller-resources.sh\"\n";
			showEnvVarsInLog = 0;
		};
		FFBAC8A689BEF35EC8C826A9 /* [CP] Embed Pods Frameworks */ = {
			isa = PBXShellScriptBuildPhase;
			buildActionMask = 2147483647;
			files = (
			);
			inputPaths = (
			);
			name = "[CP] Embed Pods Frameworks";
			outputPaths = (
			);
			runOnlyForDeploymentPostprocessing = 0;
			shellPath = /bin/sh;
			shellScript = "\"${SRCROOT}/Pods/Target Support Files/Pods-DrQMuller/Pods-DrQMuller-frameworks.sh\"\n";
			showEnvVarsInLog = 0;
		};
/* End PBXShellScriptBuildPhase section */

/* Begin PBXSourcesBuildPhase section */
		EDB3388E1DE9D86300DE940B /* Sources */ = {
			isa = PBXSourcesBuildPhase;
			buildActionMask = 2147483647;
			files = (
				ED96A4F81E0DD1E500AA22D0 /* MMSlidingButton.swift in Sources */,
				ED41DF431E169A0200803A14 /* DTOStaticArrayDataSource.swift in Sources */,
				ED570F8D1E35661B00AB9E61 /* CartOrderConfirmTableViewCell.swift in Sources */,
				ED522D631E38F84C00E53403 /* StringExtension.swift in Sources */,
				ED41DF3F1E164CC000803A14 /* APIHandleBooking.swift in Sources */,
				EDB032661E301D940071FD7F /* PMHandleReleaseTime.swift in Sources */,
				ED95589D1E118529004893DA /* PMHandleLogin.swift in Sources */,
				ED3011E21E192D790037F020 /* DTOBookingInformation.swift in Sources */,
				ED95589B1E1172F1004893DA /* DTOAuthentication.swift in Sources */,
				ED9558921E10F4DC004893DA /* HTTPClient.swift in Sources */,
				ED4FFDC21E0BF0A600E158E2 /* BookingDetailViewController.swift in Sources */,
				EDEAC1661E1D3DAC002FF282 /* ModelHandleBookingDetail.swift in Sources */,
				ED040F491E0C7808003166FD /* NiceButton.swift in Sources */,
				ED1A484A1E2786B10034857A /* CartOrderTableViewCell.swift in Sources */,
				ED6A68621E492DF800776B6B /* CustomStyleCustomerInformation.swift in Sources */,
				ED9558961E10F5B8004893DA /* ServiceURL.swift in Sources */,
				ED72C6A31DEAF2ED006E58ED /* RegisterViewController.swift in Sources */,
				ED92AB5B1E1E07DA00989D03 /* TimeTableViewCell.swift in Sources */,
				EDCE22CE1E309F490022F0C8 /* APIHandleReleaseTime.swift in Sources */,
				ED6A68601E492DCA00776B6B /* AnimationManager.swift in Sources */,
				ED6986961E12E14000932E93 /* ModelHandleLogin.swift in Sources */,
				ED939FE41E0D248F00A1164F /* DatePickerRange.swift in Sources */,
				ED0F6E211E09892000EFFD7C /* SecondTabCustomerInformationViewController.swift in Sources */,
				ED95589F1E11867A004893DA /* APIHandleLogin.swift in Sources */,
				EDB338981DE9D86300DE940B /* LoginViewController.swift in Sources */,
				ED3BEBD21E08459B00CAA173 /* FirstTabCustomerInformationViewController.swift in Sources */,
				ED40875D1E03DCAF00950D4C /* CustomTxtField.swift in Sources */,
				ED41DF3D1E163EC900803A14 /* ModelHandleBookingGeneral.swift in Sources */,
				ED41DF411E164D0C00803A14 /* PMHandleBooking.swift in Sources */,
				ED6A685E1E492D9C00776B6B /* DialogManager.swift in Sources */,
				ED03CEB21E36983D00C9EBFB /* Functionality.swift in Sources */,
				ED4FFDC61E0BF72C00E158E2 /* BookingGeneralViewController.swift in Sources */,
				EDB338961DE9D86300DE940B /* AppDelegate.swift in Sources */,
				ED03CEB41E369F9B00C9EBFB /* UIFunctionality.swift in Sources */,
				ED6A68581E490E5D00776B6B /* NetworkViewManager.swift in Sources */,
				ED0F6E231E09894A00EFFD7C /* ThirdTabCustomerInformationViewController.swift in Sources */,
				ED939FE61E0D52FA00A1164F /* BookingStartEndDateViewController.swift in Sources */,
				ED9FA0081E2093A9008F3739 /* ModelHandleBookingStartEnd.swift in Sources */,
				ED6A685C1E492D6A00776B6B /* ToastManager.swift in Sources */,
				ED3011E41E19877C0037F020 /* DateExtensions.swift in Sources */,
				ED5CD0F31E180C4B005C2A17 /* HRToast+UIView.swift in Sources */,
				EDE41FDC1E08D4A6006CCE99 /* ColorExtensions.swift in Sources */,
				ED6A685A1E492CEA00776B6B /* Reachability.swift in Sources */,
			);
			runOnlyForDeploymentPostprocessing = 0;
		};
		EDB338A21DE9D86300DE940B /* Sources */ = {
			isa = PBXSourcesBuildPhase;
			buildActionMask = 2147483647;
			files = (
				EDB338AB1DE9D86300DE940B /* DrQMullerTests.swift in Sources */,
			);
			runOnlyForDeploymentPostprocessing = 0;
		};
		EDB338AD1DE9D86300DE940B /* Sources */ = {
			isa = PBXSourcesBuildPhase;
			buildActionMask = 2147483647;
			files = (
				EDB338B61DE9D86300DE940B /* DrQMullerUITests.swift in Sources */,
			);
			runOnlyForDeploymentPostprocessing = 0;
		};
/* End PBXSourcesBuildPhase section */

/* Begin PBXTargetDependency section */
		EDB338A81DE9D86300DE940B /* PBXTargetDependency */ = {
			isa = PBXTargetDependency;
			target = EDB338911DE9D86300DE940B /* DrQMuller */;
			targetProxy = EDB338A71DE9D86300DE940B /* PBXContainerItemProxy */;
		};
		EDB338B31DE9D86300DE940B /* PBXTargetDependency */ = {
			isa = PBXTargetDependency;
			target = EDB338911DE9D86300DE940B /* DrQMuller */;
			targetProxy = EDB338B21DE9D86300DE940B /* PBXContainerItemProxy */;
		};
/* End PBXTargetDependency section */

/* Begin PBXVariantGroup section */
		ED522D601E38F65800E53403 /* Localizable.strings */ = {
			isa = PBXVariantGroup;
			children = (
				ED522D5F1E38F65800E53403 /* en */,
				ED522D611E38F66200E53403 /* vi */,
			);
			name = Localizable.strings;
			sourceTree = "<group>";
		};
		EDB338991DE9D86300DE940B /* Main.storyboard */ = {
			isa = PBXVariantGroup;
			children = (
				EDB3389A1DE9D86300DE940B /* Base */,
				ED522D5A1E38F5DA00E53403 /* vi */,
			);
			name = Main.storyboard;
			sourceTree = "<group>";
		};
		EDB3389E1DE9D86300DE940B /* LaunchScreen.storyboard */ = {
			isa = PBXVariantGroup;
			children = (
				EDB3389F1DE9D86300DE940B /* Base */,
				ED522D5B1E38F5DA00E53403 /* vi */,
			);
			name = LaunchScreen.storyboard;
			sourceTree = "<group>";
		};
/* End PBXVariantGroup section */

/* Begin XCBuildConfiguration section */
		EDB338B81DE9D86300DE940B /* Debug */ = {
			isa = XCBuildConfiguration;
			buildSettings = {
				ALWAYS_SEARCH_USER_PATHS = NO;
				CLANG_ANALYZER_LOCALIZABILITY_NONLOCALIZED = YES;
				CLANG_ANALYZER_NONNULL = YES;
				CLANG_CXX_LANGUAGE_STANDARD = "gnu++0x";
				CLANG_CXX_LIBRARY = "libc++";
				CLANG_ENABLE_MODULES = YES;
				CLANG_ENABLE_OBJC_ARC = YES;
				CLANG_WARN_BOOL_CONVERSION = YES;
				CLANG_WARN_CONSTANT_CONVERSION = YES;
				CLANG_WARN_DIRECT_OBJC_ISA_USAGE = YES_ERROR;
				CLANG_WARN_DOCUMENTATION_COMMENTS = YES;
				CLANG_WARN_EMPTY_BODY = YES;
				CLANG_WARN_ENUM_CONVERSION = YES;
				CLANG_WARN_INFINITE_RECURSION = YES;
				CLANG_WARN_INT_CONVERSION = YES;
				CLANG_WARN_OBJC_ROOT_CLASS = YES_ERROR;
				CLANG_WARN_SUSPICIOUS_MOVE = YES;
				CLANG_WARN_SUSPICIOUS_MOVES = YES;
				CLANG_WARN_UNREACHABLE_CODE = YES;
				CLANG_WARN__DUPLICATE_METHOD_MATCH = YES;
				CODE_SIGN_IDENTITY = "iPhone Distribution: Thien Phuc Nguyen (86M37DGEMQ)";
				"CODE_SIGN_IDENTITY[sdk=iphoneos*]" = "iPhone Distribution: Thien Phuc Nguyen (86M37DGEMQ)";
				COPY_PHASE_STRIP = NO;
				DEBUG_INFORMATION_FORMAT = dwarf;
				DEVELOPMENT_TEAM = 86M37DGEMQ;
				ENABLE_STRICT_OBJC_MSGSEND = YES;
				ENABLE_TESTABILITY = YES;
				GCC_C_LANGUAGE_STANDARD = gnu99;
				GCC_DYNAMIC_NO_PIC = NO;
				GCC_NO_COMMON_BLOCKS = YES;
				GCC_OPTIMIZATION_LEVEL = 0;
				GCC_PREPROCESSOR_DEFINITIONS = (
					"DEBUG=1",
					"$(inherited)",
				);
				GCC_WARN_64_TO_32_BIT_CONVERSION = YES;
				GCC_WARN_ABOUT_RETURN_TYPE = YES_ERROR;
				GCC_WARN_UNDECLARED_SELECTOR = YES;
				GCC_WARN_UNINITIALIZED_AUTOS = YES_AGGRESSIVE;
				GCC_WARN_UNUSED_FUNCTION = YES;
				GCC_WARN_UNUSED_VARIABLE = YES;
				IPHONEOS_DEPLOYMENT_TARGET = 9.0;
				MTL_ENABLE_DEBUG_INFO = YES;
				NEW_SETTING = "";
				ONLY_ACTIVE_ARCH = YES;
				PROVISIONING_PROFILE = "2ec7c694-b50d-4b4a-a198-473d266a4567";
				SDKROOT = iphoneos;
				SWIFT_ACTIVE_COMPILATION_CONDITIONS = DEBUG;
				SWIFT_OPTIMIZATION_LEVEL = "-Onone";
			};
			name = Debug;
		};
		EDB338B91DE9D86300DE940B /* Release */ = {
			isa = XCBuildConfiguration;
			buildSettings = {
				ALWAYS_SEARCH_USER_PATHS = NO;
				CLANG_ANALYZER_LOCALIZABILITY_NONLOCALIZED = YES;
				CLANG_ANALYZER_NONNULL = YES;
				CLANG_CXX_LANGUAGE_STANDARD = "gnu++0x";
				CLANG_CXX_LIBRARY = "libc++";
				CLANG_ENABLE_MODULES = YES;
				CLANG_ENABLE_OBJC_ARC = YES;
				CLANG_WARN_BOOL_CONVERSION = YES;
				CLANG_WARN_CONSTANT_CONVERSION = YES;
				CLANG_WARN_DIRECT_OBJC_ISA_USAGE = YES_ERROR;
				CLANG_WARN_DOCUMENTATION_COMMENTS = YES;
				CLANG_WARN_EMPTY_BODY = YES;
				CLANG_WARN_ENUM_CONVERSION = YES;
				CLANG_WARN_INFINITE_RECURSION = YES;
				CLANG_WARN_INT_CONVERSION = YES;
				CLANG_WARN_OBJC_ROOT_CLASS = YES_ERROR;
				CLANG_WARN_SUSPICIOUS_MOVE = YES;
				CLANG_WARN_SUSPICIOUS_MOVES = YES;
				CLANG_WARN_UNREACHABLE_CODE = YES;
				CLANG_WARN__DUPLICATE_METHOD_MATCH = YES;
				CODE_SIGN_IDENTITY = "iPhone Distribution: Thien Phuc Nguyen (86M37DGEMQ)";
				"CODE_SIGN_IDENTITY[sdk=iphoneos*]" = "iPhone Distribution: Thien Phuc Nguyen (86M37DGEMQ)";
				COPY_PHASE_STRIP = NO;
				DEBUG_INFORMATION_FORMAT = "dwarf-with-dsym";
				DEVELOPMENT_TEAM = 86M37DGEMQ;
				ENABLE_NS_ASSERTIONS = NO;
				ENABLE_STRICT_OBJC_MSGSEND = YES;
				GCC_C_LANGUAGE_STANDARD = gnu99;
				GCC_NO_COMMON_BLOCKS = YES;
				GCC_WARN_64_TO_32_BIT_CONVERSION = YES;
				GCC_WARN_ABOUT_RETURN_TYPE = YES_ERROR;
				GCC_WARN_UNDECLARED_SELECTOR = YES;
				GCC_WARN_UNINITIALIZED_AUTOS = YES_AGGRESSIVE;
				GCC_WARN_UNUSED_FUNCTION = YES;
				GCC_WARN_UNUSED_VARIABLE = YES;
				IPHONEOS_DEPLOYMENT_TARGET = 9.0;
				MTL_ENABLE_DEBUG_INFO = NO;
				NEW_SETTING = "";
				PROVISIONING_PROFILE = "2ec7c694-b50d-4b4a-a198-473d266a4567";
				SDKROOT = iphoneos;
				SWIFT_OPTIMIZATION_LEVEL = "-Owholemodule";
				VALIDATE_PRODUCT = YES;
			};
			name = Release;
		};
		EDB338BB1DE9D86300DE940B /* Debug */ = {
			isa = XCBuildConfiguration;
			baseConfigurationReference = F4CDD90B0CF1F864033543A5 /* Pods-DrQMuller.debug.xcconfig */;
			buildSettings = {
				ALWAYS_EMBED_SWIFT_STANDARD_LIBRARIES = YES;
				ASSETCATALOG_COMPILER_APPICON_NAME = AppIcon;
				"CODE_SIGN_IDENTITY[sdk=iphoneos*]" = "iPhone Developer";
				DEVELOPMENT_TEAM = 86M37DGEMQ;
				INFOPLIST_FILE = DrQMuller/Info.plist;
				LD_RUNPATH_SEARCH_PATHS = "$(inherited) @executable_path/Frameworks";
				PRODUCT_BUNDLE_IDENTIFIER = vn.letsdev.DrQMuller;
				PRODUCT_NAME = "$(TARGET_NAME)";
				PROVISIONING_PROFILE = "";
				PROVISIONING_PROFILE_SPECIFIER = "";
				SWIFT_VERSION = 3.0;
			};
			name = Debug;
		};
		EDB338BC1DE9D86300DE940B /* Release */ = {
			isa = XCBuildConfiguration;
			baseConfigurationReference = D24D7C745172B076A94BEB0C /* Pods-DrQMuller.release.xcconfig */;
			buildSettings = {
				ALWAYS_EMBED_SWIFT_STANDARD_LIBRARIES = YES;
				ASSETCATALOG_COMPILER_APPICON_NAME = AppIcon;
				"CODE_SIGN_IDENTITY[sdk=iphoneos*]" = "iPhone Developer";
				DEVELOPMENT_TEAM = 86M37DGEMQ;
				INFOPLIST_FILE = DrQMuller/Info.plist;
				LD_RUNPATH_SEARCH_PATHS = "$(inherited) @executable_path/Frameworks";
				PRODUCT_BUNDLE_IDENTIFIER = vn.letsdev.DrQMuller;
				PRODUCT_NAME = "$(TARGET_NAME)";
				PROVISIONING_PROFILE = "";
				PROVISIONING_PROFILE_SPECIFIER = "";
				SWIFT_VERSION = 3.0;
			};
			name = Release;
		};
		EDB338BE1DE9D86300DE940B /* Debug */ = {
			isa = XCBuildConfiguration;
			buildSettings = {
				ALWAYS_EMBED_SWIFT_STANDARD_LIBRARIES = YES;
				BUNDLE_LOADER = "$(TEST_HOST)";
				DEVELOPMENT_TEAM = 86M37DGEMQ;
				INFOPLIST_FILE = DrQMullerTests/Info.plist;
				LD_RUNPATH_SEARCH_PATHS = "$(inherited) @executable_path/Frameworks @loader_path/Frameworks";
				PRODUCT_BUNDLE_IDENTIFIER = com.letsdev.DrQMullerTests;
				PRODUCT_NAME = "$(TARGET_NAME)";
				SWIFT_VERSION = 3.0;
				TEST_HOST = "$(BUILT_PRODUCTS_DIR)/DrQMuller.app/DrQMuller";
			};
			name = Debug;
		};
		EDB338BF1DE9D86300DE940B /* Release */ = {
			isa = XCBuildConfiguration;
			buildSettings = {
				ALWAYS_EMBED_SWIFT_STANDARD_LIBRARIES = YES;
				BUNDLE_LOADER = "$(TEST_HOST)";
				DEVELOPMENT_TEAM = 86M37DGEMQ;
				INFOPLIST_FILE = DrQMullerTests/Info.plist;
				LD_RUNPATH_SEARCH_PATHS = "$(inherited) @executable_path/Frameworks @loader_path/Frameworks";
				PRODUCT_BUNDLE_IDENTIFIER = com.letsdev.DrQMullerTests;
				PRODUCT_NAME = "$(TARGET_NAME)";
				SWIFT_VERSION = 3.0;
				TEST_HOST = "$(BUILT_PRODUCTS_DIR)/DrQMuller.app/DrQMuller";
			};
			name = Release;
		};
		EDB338C11DE9D86300DE940B /* Debug */ = {
			isa = XCBuildConfiguration;
			buildSettings = {
				ALWAYS_EMBED_SWIFT_STANDARD_LIBRARIES = YES;
				DEVELOPMENT_TEAM = 86M37DGEMQ;
				INFOPLIST_FILE = DrQMullerUITests/Info.plist;
				LD_RUNPATH_SEARCH_PATHS = "$(inherited) @executable_path/Frameworks @loader_path/Frameworks";
				PRODUCT_BUNDLE_IDENTIFIER = com.letsdev.DrQMullerUITests;
				PRODUCT_NAME = "$(TARGET_NAME)";
				SWIFT_VERSION = 3.0;
				TEST_TARGET_NAME = DrQMuller;
			};
			name = Debug;
		};
		EDB338C21DE9D86300DE940B /* Release */ = {
			isa = XCBuildConfiguration;
			buildSettings = {
				ALWAYS_EMBED_SWIFT_STANDARD_LIBRARIES = YES;
				DEVELOPMENT_TEAM = 86M37DGEMQ;
				INFOPLIST_FILE = DrQMullerUITests/Info.plist;
				LD_RUNPATH_SEARCH_PATHS = "$(inherited) @executable_path/Frameworks @loader_path/Frameworks";
				PRODUCT_BUNDLE_IDENTIFIER = com.letsdev.DrQMullerUITests;
				PRODUCT_NAME = "$(TARGET_NAME)";
				SWIFT_VERSION = 3.0;
				TEST_TARGET_NAME = DrQMuller;
			};
			name = Release;
		};
/* End XCBuildConfiguration section */

/* Begin XCConfigurationList section */
		EDB3388D1DE9D86300DE940B /* Build configuration list for PBXProject "DrQMuller" */ = {
			isa = XCConfigurationList;
			buildConfigurations = (
				EDB338B81DE9D86300DE940B /* Debug */,
				EDB338B91DE9D86300DE940B /* Release */,
			);
			defaultConfigurationIsVisible = 0;
			defaultConfigurationName = Release;
		};
		EDB338BA1DE9D86300DE940B /* Build configuration list for PBXNativeTarget "DrQMuller" */ = {
			isa = XCConfigurationList;
			buildConfigurations = (
				EDB338BB1DE9D86300DE940B /* Debug */,
				EDB338BC1DE9D86300DE940B /* Release */,
			);
			defaultConfigurationIsVisible = 0;
			defaultConfigurationName = Release;
		};
		EDB338BD1DE9D86300DE940B /* Build configuration list for PBXNativeTarget "DrQMullerTests" */ = {
			isa = XCConfigurationList;
			buildConfigurations = (
				EDB338BE1DE9D86300DE940B /* Debug */,
				EDB338BF1DE9D86300DE940B /* Release */,
			);
			defaultConfigurationIsVisible = 0;
			defaultConfigurationName = Release;
		};
		EDB338C01DE9D86300DE940B /* Build configuration list for PBXNativeTarget "DrQMullerUITests" */ = {
			isa = XCConfigurationList;
			buildConfigurations = (
				EDB338C11DE9D86300DE940B /* Debug */,
				EDB338C21DE9D86300DE940B /* Release */,
			);
			defaultConfigurationIsVisible = 0;
			defaultConfigurationName = Release;
		};
/* End XCConfigurationList section */
	};
	rootObject = EDB3388A1DE9D86300DE940B /* Project object */;
}
